
Microsoft Visual Studio Solution File, Format Version 12.00
# Visual Studio Version 16
VisualStudioVersion = 16.0.31005.135
MinimumVisualStudioVersion = 10.0.40219.1
Project("{FAE04EC0-301F-11D3-BF4B-00C04F79EFBC}") = "2", "dz_toporowski\2.csproj", "{D3559FB3-7596-4933-BC6E-8F7196613491}"
EndProject
Project("{2150E333-8FDC-42A3-9474-1A3956D46DE8}") = "dz4", "dz4", "{1D4991EF-81AE-4D1B-B08B-E4A9A85420F0}"
EndProject
Project("{FAE04EC0-301F-11D3-BF4B-00C04F79EFBC}") = "3", "3\3.csproj", "{64D7D659-65FE-4635-B909-841D18B5CBCB}"
EndProject
Global
	GlobalSection(SolutionConfigurationPlatforms) = preSolution
		Debug|Any CPU = Debug|Any CPU
		Release|Any CPU = Release|Any CPU
	EndGlobalSection
	GlobalSection(ProjectConfigurationPlatforms) = postSolution
		{D3559FB3-7596-4933-BC6E-8F7196613491}.Debug|Any CPU.ActiveCfg = Debug|Any CPU
		{D3559FB3-7596-4933-BC6E-8F7196613491}.Debug|Any CPU.Build.0 = Debug|Any CPU
		{D3559FB3-7596-4933-BC6E-8F7196613491}.Release|Any CPU.ActiveCfg = Release|Any CPU
		{D3559FB3-7596-4933-BC6E-8F7196613491}.Release|Any CPU.Build.0 = Release|Any CPU
		{64D7D659-65FE-4635-B909-841D18B5CBCB}.Debug|Any CPU.ActiveCfg = Debug|Any CPU
		{64D7D659-65FE-4635-B909-841D18B5CBCB}.Debug|Any CPU.Build.0 = Debug|Any CPU
		{64D7D659-65FE-4635-B909-841D18B5CBCB}.Release|Any CPU.ActiveCfg = Release|Any CPU
		{64D7D659-65FE-4635-B909-841D18B5CBCB}.Release|Any CPU.Build.0 = Release|Any CPU
	EndGlobalSection
	GlobalSection(SolutionProperties) = preSolution
		HideSolutionNode = FALSE
	EndGlobalSection
	GlobalSection(NestedProjects) = preSolution
		{D3559FB3-7596-4933-BC6E-8F7196613491} = {1D4991EF-81AE-4D1B-B08B-E4A9A85420F0}
		{64D7D659-65FE-4635-B909-841D18B5CBCB} = {1D4991EF-81AE-4D1B-B08B-E4A9A85420F0}
	EndGlobalSection
	GlobalSection(ExtensibilityGlobals) = postSolution
		SolutionGuid = {2F0F5D54-CB48-4BE1-B23C-E9427D28AC91}
	EndGlobalSection
EndGlobal
